[[package]]
name = "ideas"
version = "0.1.3"
description = "Easy creation of import hooks to test ideas."
category = "main"
optional = false
python-versions = ">=3.6"

[package.dependencies]
token-utils = "*"

[[package]]
name = "token-utils"
version = "0.1.8"
description = "Small utility to work with Python tokens"
category = "main"
optional = false
python-versions = ">=3.6"

[metadata]
lock-version = "1.1"
python-versions = "^3.7"
content-hash = "41ac8c3ebbebe52815ed11c2a0877a7ac62f32eeaa2285297b01242bba57e6dc"

[metadata.files]
ideas = [
    {file = "ideas-0.1.3-py3-none-any.whl", hash = "sha256:f036f3de0677a5b2c08da708d835baced7890d912380da2974d6d69b27071bf2"},
    {file = "ideas-0.1.3.tar.gz", hash = "sha256:acee64d64e9d05fba05be993413503e93b38ab8f74f9661851bb4a1ab15c54b4"},
]
token-utils = [
    {file = "token-utils-0.1.8.tar.gz", hash = "sha256:7f4e2ff973822ce1e1829ba70e17d00b315a570c5be625b01a3f361933c2f86a"},
    {file = "token_utils-0.1.8-py3-none-any.whl", hash = "sha256:8bdca11ae8aacab3e47dacbb21165c2d118167d2a0a59b93e61aa8af03f62481"},
]
